
Microsoft Visual Studio Solution File, Format Version 12.00
# Visual Studio Version 17
VisualStudioVersion = 17.14.36811.4 d17.14
MinimumVisualStudioVersion = 10.0.40219.1
Project("{FAE04EC0-301F-11D3-BF4B-00C04F79EFBC}") = "Square Chaser", "Square Chaser.csproj", "{B313D32C-FBA5-41AA-BF14-C0B73101CC7A}"
EndProject
Global
	GlobalSection(SolutionConfigurationPlatforms) = preSolution
		Debug|Any CPU = Debug|Any CPU
		Release|Any CPU = Release|Any CPU
	EndGlobalSection
	GlobalSection(ProjectConfigurationPlatforms) = postSolution
		{B313D32C-FBA5-41AA-BF14-C0B73101CC7A}.Debug|Any CPU.ActiveCfg = Debug|Any CPU
		{B313D32C-FBA5-41AA-BF14-C0B73101CC7A}.Debug|Any CPU.Build.0 = Debug|Any CPU
		{B313D32C-FBA5-41AA-BF14-C0B73101CC7A}.Release|Any CPU.ActiveCfg = Release|Any CPU
		{B313D32C-FBA5-41AA-BF14-C0B73101CC7A}.Release|Any CPU.Build.0 = Release|Any CPU
	EndGlobalSection
	GlobalSection(SolutionProperties) = preSolution
		HideSolutionNode = FALSE
	EndGlobalSection
	GlobalSection(ExtensibilityGlobals) = postSolution
		SolutionGuid = {F5FA1007-36B5-4B60-8E59-A58DBC82FF79}
	EndGlobalSection
EndGlobal
